
Microsoft Visual Studio Solution File, Format Version 12.00
# Visual Studio Version 16
VisualStudioVersion = 25.0.1705.6
MinimumVisualStudioVersion = 10.0.40219.1
Project("{FAE04EC0-301F-11D3-BF4B-00C04F79EFBC}") = "CSharpAdvance", "CSharpAdvance\CSharpAdvance.csproj", "{CE1072FB-7F7B-4873-AE1E-24CF503D963F}"
EndProject
Project("{FAE04EC0-301F-11D3-BF4B-00C04F79EFBC}") = "Section1Numerics", "Section1Numerics\Section1Numerics.csproj", "{F11F33FF-CBCC-4FE2-8076-B5BF2A1F3B55}"
EndProject
Project("{FAE04EC0-301F-11D3-BF4B-00C04F79EFBC}") = "6.Generics", "6.Generics\6.Generics.csproj", "{C952B84D-604C-4155-818A-D0AE91D69E1B}"
EndProject
Project("{FAE04EC0-301F-11D3-BF4B-00C04F79EFBC}") = "7.Delegates", "7.Delegates\7.Delegates.csproj", "{4BCDFAFD-7DF3-4A1E-8F47-2D4AD4361F0E}"
EndProject
Project("{FAE04EC0-301F-11D3-BF4B-00C04F79EFBC}") = "7.Delegates(before using)", "7.Delegates(before using)\7.Delegates(before using).csproj", "{F113B93C-70F6-42CE-B422-A0A1530D57B4}"
EndProject
Project("{FAE04EC0-301F-11D3-BF4B-00C04F79EFBC}") = "8.Lambda", "8.Lambda\8.Lambda.csproj", "{C6BEF9B0-5DBA-4B43-81CA-B95A84E70A56}"
EndProject
Project("{FAE04EC0-301F-11D3-BF4B-00C04F79EFBC}") = "9.Events", "9.Events\9.Events.csproj", "{71217778-0BE2-4332-BDA3-34D5D6E1E091}"
EndProject
Project("{FAE04EC0-301F-11D3-BF4B-00C04F79EFBC}") = "9.Events_WithEventArgs", "9.Events_WithEventArgs\9.Events_WithEventArgs.csproj", "{EEB5B61A-A762-4F61-98F1-0F2CE9101B72}"
EndProject
Project("{FAE04EC0-301F-11D3-BF4B-00C04F79EFBC}") = "9.Events_SimplerDelegates", "9.Events_SimplerDelegates\9.Events_SimplerDelegates.csproj", "{D5E22C08-7A27-45B6-8022-C12CAA3542E6}"
EndProject
Project("{FAE04EC0-301F-11D3-BF4B-00C04F79EFBC}") = "10.ExtensionMethods", "10.ExtensionMethods\10.ExtensionMethods.csproj", "{62AE038B-DC24-4A39-9BAC-DD93745E4CC4}"
EndProject
Global
	GlobalSection(SolutionConfigurationPlatforms) = preSolution
		Debug|Any CPU = Debug|Any CPU
		Release|Any CPU = Release|Any CPU
	EndGlobalSection
	GlobalSection(ProjectConfigurationPlatforms) = postSolution
		{CE1072FB-7F7B-4873-AE1E-24CF503D963F}.Debug|Any CPU.ActiveCfg = Debug|Any CPU
		{CE1072FB-7F7B-4873-AE1E-24CF503D963F}.Debug|Any CPU.Build.0 = Debug|Any CPU
		{CE1072FB-7F7B-4873-AE1E-24CF503D963F}.Release|Any CPU.ActiveCfg = Release|Any CPU
		{CE1072FB-7F7B-4873-AE1E-24CF503D963F}.Release|Any CPU.Build.0 = Release|Any CPU
		{F11F33FF-CBCC-4FE2-8076-B5BF2A1F3B55}.Debug|Any CPU.ActiveCfg = Debug|Any CPU
		{F11F33FF-CBCC-4FE2-8076-B5BF2A1F3B55}.Debug|Any CPU.Build.0 = Debug|Any CPU
		{F11F33FF-CBCC-4FE2-8076-B5BF2A1F3B55}.Release|Any CPU.ActiveCfg = Release|Any CPU
		{F11F33FF-CBCC-4FE2-8076-B5BF2A1F3B55}.Release|Any CPU.Build.0 = Release|Any CPU
		{C952B84D-604C-4155-818A-D0AE91D69E1B}.Debug|Any CPU.ActiveCfg = Debug|Any CPU
		{C952B84D-604C-4155-818A-D0AE91D69E1B}.Debug|Any CPU.Build.0 = Debug|Any CPU
		{C952B84D-604C-4155-818A-D0AE91D69E1B}.Release|Any CPU.ActiveCfg = Release|Any CPU
		{C952B84D-604C-4155-818A-D0AE91D69E1B}.Release|Any CPU.Build.0 = Release|Any CPU
		{4BCDFAFD-7DF3-4A1E-8F47-2D4AD4361F0E}.Debug|Any CPU.ActiveCfg = Debug|Any CPU
		{4BCDFAFD-7DF3-4A1E-8F47-2D4AD4361F0E}.Debug|Any CPU.Build.0 = Debug|Any CPU
		{4BCDFAFD-7DF3-4A1E-8F47-2D4AD4361F0E}.Release|Any CPU.ActiveCfg = Release|Any CPU
		{4BCDFAFD-7DF3-4A1E-8F47-2D4AD4361F0E}.Release|Any CPU.Build.0 = Release|Any CPU
		{F113B93C-70F6-42CE-B422-A0A1530D57B4}.Debug|Any CPU.ActiveCfg = Debug|Any CPU
		{F113B93C-70F6-42CE-B422-A0A1530D57B4}.Debug|Any CPU.Build.0 = Debug|Any CPU
		{F113B93C-70F6-42CE-B422-A0A1530D57B4}.Release|Any CPU.ActiveCfg = Release|Any CPU
		{F113B93C-70F6-42CE-B422-A0A1530D57B4}.Release|Any CPU.Build.0 = Release|Any CPU
		{C6BEF9B0-5DBA-4B43-81CA-B95A84E70A56}.Debug|Any CPU.ActiveCfg = Debug|Any CPU
		{C6BEF9B0-5DBA-4B43-81CA-B95A84E70A56}.Debug|Any CPU.Build.0 = Debug|Any CPU
		{C6BEF9B0-5DBA-4B43-81CA-B95A84E70A56}.Release|Any CPU.ActiveCfg = Release|Any CPU
		{C6BEF9B0-5DBA-4B43-81CA-B95A84E70A56}.Release|Any CPU.Build.0 = Release|Any CPU
		{71217778-0BE2-4332-BDA3-34D5D6E1E091}.Debug|Any CPU.ActiveCfg = Debug|Any CPU
		{71217778-0BE2-4332-BDA3-34D5D6E1E091}.Debug|Any CPU.Build.0 = Debug|Any CPU
		{71217778-0BE2-4332-BDA3-34D5D6E1E091}.Release|Any CPU.ActiveCfg = Release|Any CPU
		{71217778-0BE2-4332-BDA3-34D5D6E1E091}.Release|Any CPU.Build.0 = Release|Any CPU
		{EEB5B61A-A762-4F61-98F1-0F2CE9101B72}.Debug|Any CPU.ActiveCfg = Debug|Any CPU
		{EEB5B61A-A762-4F61-98F1-0F2CE9101B72}.Debug|Any CPU.Build.0 = Debug|Any CPU
		{EEB5B61A-A762-4F61-98F1-0F2CE9101B72}.Release|Any CPU.ActiveCfg = Release|Any CPU
		{EEB5B61A-A762-4F61-98F1-0F2CE9101B72}.Release|Any CPU.Build.0 = Release|Any CPU
		{D5E22C08-7A27-45B6-8022-C12CAA3542E6}.Debug|Any CPU.ActiveCfg = Debug|Any CPU
		{D5E22C08-7A27-45B6-8022-C12CAA3542E6}.Debug|Any CPU.Build.0 = Debug|Any CPU
		{D5E22C08-7A27-45B6-8022-C12CAA3542E6}.Release|Any CPU.ActiveCfg = Release|Any CPU
		{D5E22C08-7A27-45B6-8022-C12CAA3542E6}.Release|Any CPU.Build.0 = Release|Any CPU
		{62AE038B-DC24-4A39-9BAC-DD93745E4CC4}.Debug|Any CPU.ActiveCfg = Debug|Any CPU
		{62AE038B-DC24-4A39-9BAC-DD93745E4CC4}.Debug|Any CPU.Build.0 = Debug|Any CPU
		{62AE038B-DC24-4A39-9BAC-DD93745E4CC4}.Release|Any CPU.ActiveCfg = Release|Any CPU
		{62AE038B-DC24-4A39-9BAC-DD93745E4CC4}.Release|Any CPU.Build.0 = Release|Any CPU
	EndGlobalSection
	GlobalSection(SolutionProperties) = preSolution
		HideSolutionNode = FALSE
	EndGlobalSection
	GlobalSection(ExtensibilityGlobals) = postSolution
		SolutionGuid = {7CE963CD-428A-4CFF-83FA-965249096335}
	EndGlobalSection
EndGlobal
